// !$*UTF8*$!
{
	archiveVersion = 1;
	classes = {
	};
	objectVersion = 42;
	objects = {

/* Begin PBXBuildFile section */
		2D9D43551338B13E000D7D92 /* ofxDepthGenerator.cpp in Sources */ = {isa = PBXBuildFile; fileRef = 2D9D43441338B13E000D7D92 /* ofxDepthGenerator.cpp */; };
		2D9D43561338B13E000D7D92 /* ofxImageGenerator.cpp in Sources */ = {isa = PBXBuildFile; fileRef = 2D9D43461338B13E000D7D92 /* ofxImageGenerator.cpp */; };
		2D9D43571338B13E000D7D92 /* ofxONI.cpp in Sources */ = {isa = PBXBuildFile; fileRef = 2D9D43481338B13E000D7D92 /* ofxONI.cpp */; };
		2D9D43581338B13E000D7D92 /* ofxOpenNIContext.cpp in Sources */ = {isa = PBXBuildFile; fileRef = 2D9D434B1338B13E000D7D92 /* ofxOpenNIContext.cpp */; };
		2D9D43591338B13E000D7D92 /* ofxOpenNIRecorder.cpp in Sources */ = {isa = PBXBuildFile; fileRef = 2D9D434E1338B13E000D7D92 /* ofxOpenNIRecorder.cpp */; };
		2D9D435A1338B13E000D7D92 /* ofxTrackedUser.cpp in Sources */ = {isa = PBXBuildFile; fileRef = 2D9D43511338B13E000D7D92 /* ofxTrackedUser.cpp */; };
		2D9D435B1338B13E000D7D92 /* ofxUserGenerator.cpp in Sources */ = {isa = PBXBuildFile; fileRef = 2D9D43531338B13E000D7D92 /* ofxUserGenerator.cpp */; };
		2D9D43B61338B236000D7D92 /* libOpenNI.dylib in Frameworks */ = {isa = PBXBuildFile; fileRef = 2D9D43B51338B236000D7D92 /* libOpenNI.dylib */; };
		E45BE97B0E8CC7DD009D7055 /* AGL.framework in Frameworks */ = {isa = PBXBuildFile; fileRef = E45BE9710E8CC7DD009D7055 /* AGL.framework */; };
		E45BE97C0E8CC7DD009D7055 /* ApplicationServices.framework in Frameworks */ = {isa = PBXBuildFile; fileRef = E45BE9720E8CC7DD009D7055 /* ApplicationServices.framework */; };
		E45BE97D0E8CC7DD009D7055 /* AudioToolbox.framework in Frameworks */ = {isa = PBXBuildFile; fileRef = E45BE9730E8CC7DD009D7055 /* AudioToolbox.framework */; };
		E45BE97E0E8CC7DD009D7055 /* Carbon.framework in Frameworks */ = {isa = PBXBuildFile; fileRef = E45BE9740E8CC7DD009D7055 /* Carbon.framework */; };
		E45BE97F0E8CC7DD009D7055 /* CoreAudio.framework in Frameworks */ = {isa = PBXBuildFile; fileRef = E45BE9750E8CC7DD009D7055 /* CoreAudio.framework */; };
		E45BE9800E8CC7DD009D7055 /* CoreFoundation.framework in Frameworks */ = {isa = PBXBuildFile; fileRef = E45BE9760E8CC7DD009D7055 /* CoreFoundation.framework */; };
		E45BE9810E8CC7DD009D7055 /* CoreServices.framework in Frameworks */ = {isa = PBXBuildFile; fileRef = E45BE9770E8CC7DD009D7055 /* CoreServices.framework */; };
		E45BE9830E8CC7DD009D7055 /* OpenGL.framework in Frameworks */ = {isa = PBXBuildFile; fileRef = E45BE9790E8CC7DD009D7055 /* OpenGL.framework */; };
		E45BE9840E8CC7DD009D7055 /* QuickTime.framework in Frameworks */ = {isa = PBXBuildFile; fileRef = E45BE97A0E8CC7DD009D7055 /* QuickTime.framework */; };
		E4B69E200A3A1BDC003C02F2 /* main.cpp in Sources */ = {isa = PBXBuildFile; fileRef = E4B69E1D0A3A1BDC003C02F2 /* main.cpp */; };
		E4B69E210A3A1BDC003C02F2 /* testApp.cpp in Sources */ = {isa = PBXBuildFile; fileRef = E4B69E1E0A3A1BDC003C02F2 /* testApp.cpp */; };
		E4C2422B10CC554B004149E2 /* openFrameworksDebug.a in Frameworks */ = {isa = PBXBuildFile; fileRef = E4C2421E10CC549C004149E2 /* openFrameworksDebug.a */; };
		E4C2424710CC5A17004149E2 /* AppKit.framework in Frameworks */ = {isa = PBXBuildFile; fileRef = E4C2424410CC5A17004149E2 /* AppKit.framework */; };
		E4C2424810CC5A17004149E2 /* Cocoa.framework in Frameworks */ = {isa = PBXBuildFile; fileRef = E4C2424510CC5A17004149E2 /* Cocoa.framework */; };
		E4C2424910CC5A17004149E2 /* IOKit.framework in Frameworks */ = {isa = PBXBuildFile; fileRef = E4C2424610CC5A17004149E2 /* IOKit.framework */; };
		E4C2426610CC5A78004149E2 /* GLUT.framework in Frameworks */ = {isa = PBXBuildFile; fileRef = E4C2425F10CC5A78004149E2 /* GLUT.framework */; };
		E4C2426B10CC5AA6004149E2 /* GLUT.framework in CopyFiles */ = {isa = PBXBuildFile; fileRef = E4C2425F10CC5A78004149E2 /* GLUT.framework */; };
/* End PBXBuildFile section */

/* Begin PBXContainerItemProxy section */
		E4C2421D10CC549C004149E2 /* PBXContainerItemProxy */ = {
			isa = PBXContainerItemProxy;
			containerPortal = E4C2421610CC549C004149E2 /* openFrameworksLib.xcodeproj */;
			proxyType = 2;
			remoteGlobalIDString = E4B27C1510CBEB8E00536013;
			remoteInfo = openFrameworks;
		};
		E4C2422710CC54DA004149E2 /* PBXContainerItemProxy */ = {
			isa = PBXContainerItemProxy;
			containerPortal = E4C2421610CC549C004149E2 /* openFrameworksLib.xcodeproj */;
			proxyType = 1;
			remoteGlobalIDString = E4B27C1410CBEB8E00536013;
			remoteInfo = openFrameworks;
		};
/* End PBXContainerItemProxy section */

/* Begin PBXCopyFilesBuildPhase section */
		E4C2427710CC5ABF004149E2 /* CopyFiles */ = {
			isa = PBXCopyFilesBuildPhase;
			buildActionMask = 2147483647;
			dstPath = "";
			dstSubfolderSpec = 10;
			files = (
				E4C2426B10CC5AA6004149E2 /* GLUT.framework in CopyFiles */,
			);
			runOnlyForDeploymentPostprocessing = 0;
		};
/* End PBXCopyFilesBuildPhase section */

/* Begin PBXFileReference section */
		2D9D43441338B13E000D7D92 /* ofxDepthGenerator.cpp */ = {isa = PBXFileReference; fileEncoding = 4; lastKnownFileType = sourcecode.cpp.cpp; name = ofxDepthGenerator.cpp; path = ../src/ofxDepthGenerator.cpp; sourceTree = SOURCE_ROOT; };
		2D9D43451338B13E000D7D92 /* ofxDepthGenerator.h */ = {isa = PBXFileReference; fileEncoding = 4; lastKnownFileType = sourcecode.c.h; name = ofxDepthGenerator.h; path = ../src/ofxDepthGenerator.h; sourceTree = SOURCE_ROOT; };
		2D9D43461338B13E000D7D92 /* ofxImageGenerator.cpp */ = {isa = PBXFileReference; fileEncoding = 4; lastKnownFileType = sourcecode.cpp.cpp; name = ofxImageGenerator.cpp; path = ../src/ofxImageGenerator.cpp; sourceTree = SOURCE_ROOT; };
		2D9D43471338B13E000D7D92 /* ofxImageGenerator.h */ = {isa = PBXFileReference; fileEncoding = 4; lastKnownFileType = sourcecode.c.h; name = ofxImageGenerator.h; path = ../src/ofxImageGenerator.h; sourceTree = SOURCE_ROOT; };
		2D9D43481338B13E000D7D92 /* ofxONI.cpp */ = {isa = PBXFileReference; fileEncoding = 4; lastKnownFileType = sourcecode.cpp.cpp; name = ofxONI.cpp; path = ../src/ofxONI.cpp; sourceTree = SOURCE_ROOT; };
		2D9D43491338B13E000D7D92 /* ofxONI.h */ = {isa = PBXFileReference; fileEncoding = 4; lastKnownFileType = sourcecode.c.h; name = ofxONI.h; path = ../src/ofxONI.h; sourceTree = SOURCE_ROOT; };
		2D9D434A1338B13E000D7D92 /* ofxOpenNI.h */ = {isa = PBXFileReference; fileEncoding = 4; lastKnownFileType = sourcecode.c.h; name = ofxOpenNI.h; path = ../src/ofxOpenNI.h; sourceTree = SOURCE_ROOT; };
		2D9D434B1338B13E000D7D92 /* ofxOpenNIContext.cpp */ = {isa = PBXFileReference; fileEncoding = 4; lastKnownFileType = sourcecode.cpp.cpp; name = ofxOpenNIContext.cpp; path = ../src/ofxOpenNIContext.cpp; sourceTree = SOURCE_ROOT; };
		2D9D434C1338B13E000D7D92 /* ofxOpenNIContext.h */ = {isa = PBXFileReference; fileEncoding = 4; lastKnownFileType = sourcecode.c.h; name = ofxOpenNIContext.h; path = ../src/ofxOpenNIContext.h; sourceTree = SOURCE_ROOT; };
		2D9D434D1338B13E000D7D92 /* ofxOpenNIMacros.h */ = {isa = PBXFileReference; fileEncoding = 4; lastKnownFileType = sourcecode.c.h; name = ofxOpenNIMacros.h; path = ../src/ofxOpenNIMacros.h; sourceTree = SOURCE_ROOT; };
		2D9D434E1338B13E000D7D92 /* ofxOpenNIRecorder.cpp */ = {isa = PBXFileReference; fileEncoding = 4; lastKnownFileType = sourcecode.cpp.cpp; name = ofxOpenNIRecorder.cpp; path = ../src/ofxOpenNIRecorder.cpp; sourceTree = SOURCE_ROOT; };
		2D9D434F1338B13E000D7D92 /* ofxOpenNIRecorder.h */ = {isa = PBXFileReference; fileEncoding = 4; lastKnownFileType = sourcecode.c.h; name = ofxOpenNIRecorder.h; path = ../src/ofxOpenNIRecorder.h; sourceTree = SOURCE_ROOT; };
		2D9D43501338B13E000D7D92 /* ofxOpenNIXML.h */ = {isa = PBXFileReference; fileEncoding = 4; lastKnownFileType = sourcecode.c.h; name = ofxOpenNIXML.h; path = ../src/ofxOpenNIXML.h; sourceTree = SOURCE_ROOT; };
		2D9D43511338B13E000D7D92 /* ofxTrackedUser.cpp */ = {isa = PBXFileReference; fileEncoding = 4; lastKnownFileType = sourcecode.cpp.cpp; name = ofxTrackedUser.cpp; path = ../src/ofxTrackedUser.cpp; sourceTree = SOURCE_ROOT; };
		2D9D43521338B13E000D7D92 /* ofxTrackedUser.h */ = {isa = PBXFileReference; fileEncoding = 4; lastKnownFileType = sourcecode.c.h; name = ofxTrackedUser.h; path = ../src/ofxTrackedUser.h; sourceTree = SOURCE_ROOT; };
		2D9D43531338B13E000D7D92 /* ofxUserGenerator.cpp */ = {isa = PBXFileReference; fileEncoding = 4; lastKnownFileType = sourcecode.cpp.cpp; name = ofxUserGenerator.cpp; path = ../src/ofxUserGenerator.cpp; sourceTree = SOURCE_ROOT; };
		2D9D43541338B13E000D7D92 /* ofxUserGenerator.h */ = {isa = PBXFileReference; fileEncoding = 4; lastKnownFileType = sourcecode.c.h; name = ofxUserGenerator.h; path = ../src/ofxUserGenerator.h; sourceTree = SOURCE_ROOT; };
		2D9D436E1338B1C6000D7D92 /* IXnNodeAllocator.h */ = {isa = PBXFileReference; fileEncoding = 4; lastKnownFileType = sourcecode.c.h; path = IXnNodeAllocator.h; sourceTree = "<group>"; };
		2D9D43701338B1C6000D7D92 /* XnPlatformLinux-Arm.h */ = {isa = PBXFileReference; fileEncoding = 4; lastKnownFileType = sourcecode.c.h; path = "XnPlatformLinux-Arm.h"; sourceTree = "<group>"; };
		2D9D43721338B1C6000D7D92 /* XnOSLinux-x86.h */ = {isa = PBXFileReference; fileEncoding = 4; lastKnownFileType = sourcecode.c.h; path = "XnOSLinux-x86.h"; sourceTree = "<group>"; };
		2D9D43731338B1C6000D7D92 /* XnPlatformLinux-x86.h */ = {isa = PBXFileReference; fileEncoding = 4; lastKnownFileType = sourcecode.c.h; path = "XnPlatformLinux-x86.h"; sourceTree = "<group>"; };
		2D9D43751338B1C6000D7D92 /* XnPlatformMacOSX.h */ = {isa = PBXFileReference; fileEncoding = 4; lastKnownFileType = sourcecode.c.h; path = XnPlatformMacOSX.h; sourceTree = "<group>"; };
		2D9D43771338B1C6000D7D92 /* XnOSWin32.h */ = {isa = PBXFileReference; fileEncoding = 4; lastKnownFileType = sourcecode.c.h; path = XnOSWin32.h; sourceTree = "<group>"; };
		2D9D43781338B1C6000D7D92 /* XnPlatformWin32.h */ = {isa = PBXFileReference; fileEncoding = 4; lastKnownFileType = sourcecode.c.h; path = XnPlatformWin32.h; sourceTree = "<group>"; };
		2D9D43791338B1C6000D7D92 /* XnBaseNode.h */ = {isa = PBXFileReference; fileEncoding = 4; lastKnownFileType = sourcecode.c.h; path = XnBaseNode.h; sourceTree = "<group>"; };
		2D9D437A1338B1C6000D7D92 /* XnCallback.h */ = {isa = PBXFileReference; fileEncoding = 4; lastKnownFileType = sourcecode.c.h; path = XnCallback.h; sourceTree = "<group>"; };
		2D9D437B1338B1C6000D7D92 /* XnCodecIDs.h */ = {isa = PBXFileReference; fileEncoding = 4; lastKnownFileType = sourcecode.c.h; path = XnCodecIDs.h; sourceTree = "<group>"; };
		2D9D437C1338B1C6000D7D92 /* XnContext.h */ = {isa = PBXFileReference; fileEncoding = 4; lastKnownFileType = sourcecode.c.h; path = XnContext.h; sourceTree = "<group>"; };
		2D9D437D1338B1C6000D7D92 /* XnCppWrapper.h */ = {isa = PBXFileReference; fileEncoding = 4; lastKnownFileType = sourcecode.c.h; path = XnCppWrapper.h; sourceTree = "<group>"; };
		2D9D437E1338B1C6000D7D92 /* XnDataTypes.h */ = {isa = PBXFileReference; fileEncoding = 4; lastKnownFileType = sourcecode.c.h; path = XnDataTypes.h; sourceTree = "<group>"; };
		2D9D437F1338B1C6000D7D92 /* XnEnumerationErrors.h */ = {isa = PBXFileReference; fileEncoding = 4; lastKnownFileType = sourcecode.c.h; path = XnEnumerationErrors.h; sourceTree = "<group>"; };
		2D9D43801338B1C6000D7D92 /* XnEvent.h */ = {isa = PBXFileReference; fileEncoding = 4; lastKnownFileType = sourcecode.c.h; path = XnEvent.h; sourceTree = "<group>"; };
		2D9D43811338B1C6000D7D92 /* XnFPSCalculator.h */ = {isa = PBXFileReference; fileEncoding = 4; lastKnownFileType = sourcecode.c.h; path = XnFPSCalculator.h; sourceTree = "<group>"; };
		2D9D43821338B1C6000D7D92 /* XnGeneralBuffer.h */ = {isa = PBXFileReference; fileEncoding = 4; lastKnownFileType = sourcecode.c.h; path = XnGeneralBuffer.h; sourceTree = "<group>"; };
		2D9D43831338B1C6000D7D92 /* XnHash.h */ = {isa = PBXFileReference; fileEncoding = 4; lastKnownFileType = sourcecode.c.h; path = XnHash.h; sourceTree = "<group>"; };
		2D9D43841338B1C6000D7D92 /* XnInternalDefs.h */ = {isa = PBXFileReference; fileEncoding = 4; lastKnownFileType = sourcecode.c.h; path = XnInternalDefs.h; sourceTree = "<group>"; };
		2D9D43851338B1C6000D7D92 /* XnLicensing.h */ = {isa = PBXFileReference; fileEncoding = 4; lastKnownFileType = sourcecode.c.h; path = XnLicensing.h; sourceTree = "<group>"; };
		2D9D43861338B1C6000D7D92 /* XnList.h */ = {isa = PBXFileReference; fileEncoding = 4; lastKnownFileType = sourcecode.c.h; path = XnList.h; sourceTree = "<group>"; };
		2D9D43871338B1C6000D7D92 /* XnLog.h */ = {isa = PBXFileReference; fileEncoding = 4; lastKnownFileType = sourcecode.c.h; path = XnLog.h; sourceTree = "<group>"; };
		2D9D43881338B1C6000D7D92 /* XnMacros.h */ = {isa = PBXFileReference; fileEncoding = 4; lastKnownFileType = sourcecode.c.h; path = XnMacros.h; sourceTree = "<group>"; };
		2D9D43891338B1C6000D7D92 /* XnModuleCppInterface.h */ = {isa = PBXFileReference; fileEncoding = 4; lastKnownFileType = sourcecode.c.h; path = XnModuleCppInterface.h; sourceTree = "<group>"; };
		2D9D438A1338B1C6000D7D92 /* XnModuleCppRegistratration.h */ = {isa = PBXFileReference; fileEncoding = 4; lastKnownFileType = sourcecode.c.h; path = XnModuleCppRegistratration.h; sourceTree = "<group>"; };
		2D9D438B1338B1C6000D7D92 /* XnModuleInterface.h */ = {isa = PBXFileReference; fileEncoding = 4; lastKnownFileType = sourcecode.c.h; path = XnModuleInterface.h; sourceTree = "<group>"; };
		2D9D438C1338B1C6000D7D92 /* XnNode.h */ = {isa = PBXFileReference; fileEncoding = 4; lastKnownFileType = sourcecode.c.h; path = XnNode.h; sourceTree = "<group>"; };
		2D9D438D1338B1C6000D7D92 /* XnNodeAllocator.h */ = {isa = PBXFileReference; fileEncoding = 4; lastKnownFileType = sourcecode.c.h; path = XnNodeAllocator.h; sourceTree = "<group>"; };
		2D9D438E1338B1C6000D7D92 /* XnOpenNI.h */ = {isa = PBXFileReference; fileEncoding = 4; lastKnownFileType = sourcecode.c.h; path = XnOpenNI.h; sourceTree = "<group>"; };
		2D9D438F1338B1C6000D7D92 /* XnOS.h */ = {isa = PBXFileReference; fileEncoding = 4; lastKnownFileType = sourcecode.c.h; path = XnOS.h; sourceTree = "<group>"; };
		2D9D43901338B1C6000D7D92 /* XnOSCpp.h */ = {isa = PBXFileReference; fileEncoding = 4; lastKnownFileType = sourcecode.c.h; path = XnOSCpp.h; sourceTree = "<group>"; };
		2D9D43911338B1C6000D7D92 /* XnPlatform.h */ = {isa = PBXFileReference; fileEncoding = 4; lastKnownFileType = sourcecode.c.h; path = XnPlatform.h; sourceTree = "<group>"; };
		2D9D43921338B1C6000D7D92 /* XnPrdNode.h */ = {isa = PBXFileReference; fileEncoding = 4; lastKnownFileType = sourcecode.c.h; path = XnPrdNode.h; sourceTree = "<group>"; };
		2D9D43931338B1C6000D7D92 /* XnPrdNodeInfo.h */ = {isa = PBXFileReference; fileEncoding = 4; lastKnownFileType = sourcecode.c.h; path = XnPrdNodeInfo.h; sourceTree = "<group>"; };
		2D9D43941338B1C6000D7D92 /* XnPrdNodeInfoList.h */ = {isa = PBXFileReference; fileEncoding = 4; lastKnownFileType = sourcecode.c.h; path = XnPrdNodeInfoList.h; sourceTree = "<group>"; };
		2D9D43951338B1C6000D7D92 /* XnProfiling.h */ = {isa = PBXFileReference; fileEncoding = 4; lastKnownFileType = sourcecode.c.h; path = XnProfiling.h; sourceTree = "<group>"; };
		2D9D43961338B1C6000D7D92 /* XnPropNames.h */ = {isa = PBXFileReference; fileEncoding = 4; lastKnownFileType = sourcecode.c.h; path = XnPropNames.h; sourceTree = "<group>"; };
		2D9D43971338B1C6000D7D92 /* XnQueries.h */ = {isa = PBXFileReference; fileEncoding = 4; lastKnownFileType = sourcecode.c.h; path = XnQueries.h; sourceTree = "<group>"; };
		2D9D43981338B1C6000D7D92 /* XnQueue.h */ = {isa = PBXFileReference; fileEncoding = 4; lastKnownFileType = sourcecode.c.h; path = XnQueue.h; sourceTree = "<group>"; };
		2D9D43991338B1C6000D7D92 /* XnScheduler.h */ = {isa = PBXFileReference; fileEncoding = 4; lastKnownFileType = sourcecode.c.h; path = XnScheduler.h; sourceTree = "<group>"; };
		2D9D439A1338B1C6000D7D92 /* XnStack.h */ = {isa = PBXFileReference; fileEncoding = 4; lastKnownFileType = sourcecode.c.h; path = XnStack.h; sourceTree = "<group>"; };
		2D9D439B1338B1C6000D7D92 /* XnStatus.h */ = {isa = PBXFileReference; fileEncoding = 4; lastKnownFileType = sourcecode.c.h; path = XnStatus.h; sourceTree = "<group>"; };
		2D9D439C1338B1C6000D7D92 /* XnStatusCodes.h */ = {isa = PBXFileReference; fileEncoding = 4; lastKnownFileType = sourcecode.c.h; path = XnStatusCodes.h; sourceTree = "<group>"; };
		2D9D439D1338B1C6000D7D92 /* XnStatusRegister.h */ = {isa = PBXFileReference; fileEncoding = 4; lastKnownFileType = sourcecode.c.h; path = XnStatusRegister.h; sourceTree = "<group>"; };
		2D9D439E1338B1C6000D7D92 /* XnStringsHash.h */ = {isa = PBXFileReference; fileEncoding = 4; lastKnownFileType = sourcecode.c.h; path = XnStringsHash.h; sourceTree = "<group>"; };
		2D9D439F1338B1C6000D7D92 /* XnThreadSafeQueue.h */ = {isa = PBXFileReference; fileEncoding = 4; lastKnownFileType = sourcecode.c.h; path = XnThreadSafeQueue.h; sourceTree = "<group>"; };
		2D9D43A01338B1C6000D7D92 /* XnTypes.h */ = {isa = PBXFileReference; fileEncoding = 4; lastKnownFileType = sourcecode.c.h; path = XnTypes.h; sourceTree = "<group>"; };
		2D9D43A11338B1C6000D7D92 /* XnUSB.h */ = {isa = PBXFileReference; fileEncoding = 4; lastKnownFileType = sourcecode.c.h; path = XnUSB.h; sourceTree = "<group>"; };
		2D9D43A21338B1C6000D7D92 /* XnUtils.h */ = {isa = PBXFileReference; fileEncoding = 4; lastKnownFileType = sourcecode.c.h; path = XnUtils.h; sourceTree = "<group>"; };
		2D9D43A31338B1C6000D7D92 /* XnVersion.h */ = {isa = PBXFileReference; fileEncoding = 4; lastKnownFileType = sourcecode.c.h; path = XnVersion.h; sourceTree = "<group>"; };
		2D9D43AF1338B1F1000D7D92 /* RtAudio.h */ = {isa = PBXFileReference; fileEncoding = 4; lastKnownFileType = sourcecode.c.h; path = RtAudio.h; sourceTree = "<group>"; };
		2D9D43B01338B1F1000D7D92 /* RtError.h */ = {isa = PBXFileReference; fileEncoding = 4; lastKnownFileType = sourcecode.c.h; path = RtError.h; sourceTree = "<group>"; };
		2D9D43B51338B236000D7D92 /* libOpenNI.dylib */ = {isa = PBXFileReference; lastKnownFileType = "compiled.mach-o.dylib"; name = libOpenNI.dylib; path = bin/data/openni/lib/libOpenNI.dylib; sourceTree = "<group>"; };
		E45BE9710E8CC7DD009D7055 /* AGL.framework */ = {isa = PBXFileReference; lastKnownFileType = wrapper.framework; name = AGL.framework; path = /System/Library/Frameworks/AGL.framework; sourceTree = "<absolute>"; };
		E45BE9720E8CC7DD009D7055 /* ApplicationServices.framework */ = {isa = PBXFileReference; lastKnownFileType = wrapper.framework; name = ApplicationServices.framework; path = /System/Library/Frameworks/ApplicationServices.framework; sourceTree = "<absolute>"; };
		E45BE9730E8CC7DD009D7055 /* AudioToolbox.framework */ = {isa = PBXFileReference; lastKnownFileType = wrapper.framework; name = AudioToolbox.framework; path = /System/Library/Frameworks/AudioToolbox.framework; sourceTree = "<absolute>"; };
		E45BE9740E8CC7DD009D7055 /* Carbon.framework */ = {isa = PBXFileReference; lastKnownFileType = wrapper.framework; name = Carbon.framework; path = /System/Library/Frameworks/Carbon.framework; sourceTree = "<absolute>"; };
		E45BE9750E8CC7DD009D7055 /* CoreAudio.framework */ = {isa = PBXFileReference; lastKnownFileType = wrapper.framework; name = CoreAudio.framework; path = /System/Library/Frameworks/CoreAudio.framework; sourceTree = "<absolute>"; };
		E45BE9760E8CC7DD009D7055 /* CoreFoundation.framework */ = {isa = PBXFileReference; lastKnownFileType = wrapper.framework; name = CoreFoundation.framework; path = /System/Library/Frameworks/CoreFoundation.framework; sourceTree = "<absolute>"; };
		E45BE9770E8CC7DD009D7055 /* CoreServices.framework */ = {isa = PBXFileReference; lastKnownFileType = wrapper.framework; name = CoreServices.framework; path = /System/Library/Frameworks/CoreServices.framework; sourceTree = "<absolute>"; };
		E45BE9790E8CC7DD009D7055 /* OpenGL.framework */ = {isa = PBXFileReference; lastKnownFileType = wrapper.framework; name = OpenGL.framework; path = /System/Library/Frameworks/OpenGL.framework; sourceTree = "<absolute>"; };
		E45BE97A0E8CC7DD009D7055 /* QuickTime.framework */ = {isa = PBXFileReference; lastKnownFileType = wrapper.framework; name = QuickTime.framework; path = /System/Library/Frameworks/QuickTime.framework; sourceTree = "<absolute>"; };
		E4B69B5B0A3A1756003C02F2 /* emptyExampleDebug.app */ = {isa = PBXFileReference; explicitFileType = wrapper.application; includeInIndex = 0; path = emptyExampleDebug.app; sourceTree = BUILT_PRODUCTS_DIR; };
		E4B69E1D0A3A1BDC003C02F2 /* main.cpp */ = {isa = PBXFileReference; fileEncoding = 30; lastKnownFileType = sourcecode.cpp.cpp; name = main.cpp; path = src/main.cpp; sourceTree = SOURCE_ROOT; };
		E4B69E1E0A3A1BDC003C02F2 /* testApp.cpp */ = {isa = PBXFileReference; explicitFileType = sourcecode.cpp.cpp; fileEncoding = 30; name = testApp.cpp; path = src/testApp.cpp; sourceTree = SOURCE_ROOT; };
		E4B69E1F0A3A1BDC003C02F2 /* testApp.h */ = {isa = PBXFileReference; fileEncoding = 30; lastKnownFileType = sourcecode.c.h; name = testApp.h; path = src/testApp.h; sourceTree = SOURCE_ROOT; };
		E4B6FCAD0C3E899E008CF71C /* openFrameworks-Info.plist */ = {isa = PBXFileReference; fileEncoding = 30; lastKnownFileType = text.plist.xml; path = "openFrameworks-Info.plist"; sourceTree = "<group>"; };
		E4C2421610CC549C004149E2 /* openFrameworksLib.xcodeproj */ = {isa = PBXFileReference; lastKnownFileType = "wrapper.pb-project"; name = openFrameworksLib.xcodeproj; path = ../../../libs/openFrameworksCompiled/project/osx/openFrameworksLib.xcodeproj; sourceTree = SOURCE_ROOT; };
		E4C2424410CC5A17004149E2 /* AppKit.framework */ = {isa = PBXFileReference; lastKnownFileType = wrapper.framework; name = AppKit.framework; path = /System/Library/Frameworks/AppKit.framework; sourceTree = "<absolute>"; };
		E4C2424510CC5A17004149E2 /* Cocoa.framework */ = {isa = PBXFileReference; lastKnownFileType = wrapper.framework; name = Cocoa.framework; path = /System/Library/Frameworks/Cocoa.framework; sourceTree = "<absolute>"; };
		E4C2424610CC5A17004149E2 /* IOKit.framework */ = {isa = PBXFileReference; lastKnownFileType = wrapper.framework; name = IOKit.framework; path = /System/Library/Frameworks/IOKit.framework; sourceTree = "<absolute>"; };
		E4C2425F10CC5A78004149E2 /* GLUT.framework */ = {isa = PBXFileReference; lastKnownFileType = wrapper.framework; name = GLUT.framework; path = ../../../libs/glut/lib/osx/GLUT.framework; sourceTree = SOURCE_ROOT; };
/* End PBXFileReference section */

/* Begin PBXFrameworksBuildPhase section */
		E4B69B590A3A1756003C02F2 /* Frameworks */ = {
			isa = PBXFrameworksBuildPhase;
			buildActionMask = 2147483647;
			files = (
				E4C2422B10CC554B004149E2 /* openFrameworksDebug.a in Frameworks */,
				E45BE97B0E8CC7DD009D7055 /* AGL.framework in Frameworks */,
				E45BE97C0E8CC7DD009D7055 /* ApplicationServices.framework in Frameworks */,
				E45BE97D0E8CC7DD009D7055 /* AudioToolbox.framework in Frameworks */,
				E45BE97E0E8CC7DD009D7055 /* Carbon.framework in Frameworks */,
				E45BE97F0E8CC7DD009D7055 /* CoreAudio.framework in Frameworks */,
				E45BE9800E8CC7DD009D7055 /* CoreFoundation.framework in Frameworks */,
				E45BE9810E8CC7DD009D7055 /* CoreServices.framework in Frameworks */,
				E45BE9830E8CC7DD009D7055 /* OpenGL.framework in Frameworks */,
				E45BE9840E8CC7DD009D7055 /* QuickTime.framework in Frameworks */,
				E4C2424710CC5A17004149E2 /* AppKit.framework in Frameworks */,
				E4C2424810CC5A17004149E2 /* Cocoa.framework in Frameworks */,
				E4C2424910CC5A17004149E2 /* IOKit.framework in Frameworks */,
				E4C2426610CC5A78004149E2 /* GLUT.framework in Frameworks */,
				2D9D43B61338B236000D7D92 /* libOpenNI.dylib in Frameworks */,
			);
			runOnlyForDeploymentPostprocessing = 0;
		};
/* End PBXFrameworksBuildPhase section */

/* Begin PBXGroup section */
		2D9D435C1338B142000D7D92 /* ofxOpenNI */ = {
			isa = PBXGroup;
			children = (
				2D9D43B51338B236000D7D92 /* libOpenNI.dylib */,
				2D9D436D1338B1C6000D7D92 /* include */,
				2D9D435D1338B14C000D7D92 /* src */,
			);
			name = ofxOpenNI;
			sourceTree = "<group>";
		};
		2D9D435D1338B14C000D7D92 /* src */ = {
			isa = PBXGroup;
			children = (
				2D9D43441338B13E000D7D92 /* ofxDepthGenerator.cpp */,
				2D9D43451338B13E000D7D92 /* ofxDepthGenerator.h */,
				2D9D43461338B13E000D7D92 /* ofxImageGenerator.cpp */,
				2D9D43471338B13E000D7D92 /* ofxImageGenerator.h */,
				2D9D43481338B13E000D7D92 /* ofxONI.cpp */,
				2D9D43491338B13E000D7D92 /* ofxONI.h */,
				2D9D434A1338B13E000D7D92 /* ofxOpenNI.h */,
				2D9D434B1338B13E000D7D92 /* ofxOpenNIContext.cpp */,
				2D9D434C1338B13E000D7D92 /* ofxOpenNIContext.h */,
				2D9D434D1338B13E000D7D92 /* ofxOpenNIMacros.h */,
				2D9D434E1338B13E000D7D92 /* ofxOpenNIRecorder.cpp */,
				2D9D434F1338B13E000D7D92 /* ofxOpenNIRecorder.h */,
				2D9D43501338B13E000D7D92 /* ofxOpenNIXML.h */,
				2D9D43511338B13E000D7D92 /* ofxTrackedUser.cpp */,
				2D9D43521338B13E000D7D92 /* ofxTrackedUser.h */,
				2D9D43531338B13E000D7D92 /* ofxUserGenerator.cpp */,
				2D9D43541338B13E000D7D92 /* ofxUserGenerator.h */,
			);
			name = src;
			sourceTree = "<group>";
		};
		2D9D436D1338B1C6000D7D92 /* include */ = {
			isa = PBXGroup;
			children = (
				2D9D436E1338B1C6000D7D92 /* IXnNodeAllocator.h */,
				2D9D436F1338B1C6000D7D92 /* Linux-Arm */,
				2D9D43711338B1C6000D7D92 /* Linux-x86 */,
				2D9D43741338B1C6000D7D92 /* MacOSX */,
				2D9D43761338B1C6000D7D92 /* Win32 */,
				2D9D43791338B1C6000D7D92 /* XnBaseNode.h */,
				2D9D437A1338B1C6000D7D92 /* XnCallback.h */,
				2D9D437B1338B1C6000D7D92 /* XnCodecIDs.h */,
				2D9D437C1338B1C6000D7D92 /* XnContext.h */,
				2D9D437D1338B1C6000D7D92 /* XnCppWrapper.h */,
				2D9D437E1338B1C6000D7D92 /* XnDataTypes.h */,
				2D9D437F1338B1C6000D7D92 /* XnEnumerationErrors.h */,
				2D9D43801338B1C6000D7D92 /* XnEvent.h */,
				2D9D43811338B1C6000D7D92 /* XnFPSCalculator.h */,
				2D9D43821338B1C6000D7D92 /* XnGeneralBuffer.h */,
				2D9D43831338B1C6000D7D92 /* XnHash.h */,
				2D9D43841338B1C6000D7D92 /* XnInternalDefs.h */,
				2D9D43851338B1C6000D7D92 /* XnLicensing.h */,
				2D9D43861338B1C6000D7D92 /* XnList.h */,
				2D9D43871338B1C6000D7D92 /* XnLog.h */,
				2D9D43881338B1C6000D7D92 /* XnMacros.h */,
				2D9D43891338B1C6000D7D92 /* XnModuleCppInterface.h */,
				2D9D438A1338B1C6000D7D92 /* XnModuleCppRegistratration.h */,
				2D9D438B1338B1C6000D7D92 /* XnModuleInterface.h */,
				2D9D438C1338B1C6000D7D92 /* XnNode.h */,
				2D9D438D1338B1C6000D7D92 /* XnNodeAllocator.h */,
				2D9D438E1338B1C6000D7D92 /* XnOpenNI.h */,
				2D9D438F1338B1C6000D7D92 /* XnOS.h */,
				2D9D43901338B1C6000D7D92 /* XnOSCpp.h */,
				2D9D43911338B1C6000D7D92 /* XnPlatform.h */,
				2D9D43921338B1C6000D7D92 /* XnPrdNode.h */,
				2D9D43931338B1C6000D7D92 /* XnPrdNodeInfo.h */,
				2D9D43941338B1C6000D7D92 /* XnPrdNodeInfoList.h */,
				2D9D43951338B1C6000D7D92 /* XnProfiling.h */,
				2D9D43961338B1C6000D7D92 /* XnPropNames.h */,
				2D9D43971338B1C6000D7D92 /* XnQueries.h */,
				2D9D43981338B1C6000D7D92 /* XnQueue.h */,
				2D9D43991338B1C6000D7D92 /* XnScheduler.h */,
				2D9D439A1338B1C6000D7D92 /* XnStack.h */,
				2D9D439B1338B1C6000D7D92 /* XnStatus.h */,
				2D9D439C1338B1C6000D7D92 /* XnStatusCodes.h */,
				2D9D439D1338B1C6000D7D92 /* XnStatusRegister.h */,
				2D9D439E1338B1C6000D7D92 /* XnStringsHash.h */,
				2D9D439F1338B1C6000D7D92 /* XnThreadSafeQueue.h */,
				2D9D43A01338B1C6000D7D92 /* XnTypes.h */,
				2D9D43A11338B1C6000D7D92 /* XnUSB.h */,
				2D9D43A21338B1C6000D7D92 /* XnUtils.h */,
				2D9D43A31338B1C6000D7D92 /* XnVersion.h */,
			);
			name = include;
			path = ../include;
			sourceTree = SOURCE_ROOT;
		};
		2D9D436F1338B1C6000D7D92 /* Linux-Arm */ = {
			isa = PBXGroup;
			children = (
				2D9D43701338B1C6000D7D92 /* XnPlatformLinux-Arm.h */,
			);
			path = "Linux-Arm";
			sourceTree = "<group>";
		};
		2D9D43711338B1C6000D7D92 /* Linux-x86 */ = {
			isa = PBXGroup;
			children = (
				2D9D43721338B1C6000D7D92 /* XnOSLinux-x86.h */,
				2D9D43731338B1C6000D7D92 /* XnPlatformLinux-x86.h */,
			);
			path = "Linux-x86";
			sourceTree = "<group>";
		};
		2D9D43741338B1C6000D7D92 /* MacOSX */ = {
			isa = PBXGroup;
			children = (
				2D9D43751338B1C6000D7D92 /* XnPlatformMacOSX.h */,
			);
			path = MacOSX;
			sourceTree = "<group>";
		};
		2D9D43761338B1C6000D7D92 /* Win32 */ = {
			isa = PBXGroup;
			children = (
				2D9D43771338B1C6000D7D92 /* XnOSWin32.h */,
				2D9D43781338B1C6000D7D92 /* XnPlatformWin32.h */,
			);
			path = Win32;
			sourceTree = "<group>";
		};
		2D9D43AD1338B1F1000D7D92 /* rtAudio */ = {
			isa = PBXGroup;
			children = (
				2D9D43AE1338B1F1000D7D92 /* include */,
			);
			name = rtAudio;
			path = ../../../libs/rtAudio;
			sourceTree = SOURCE_ROOT;
		};
		2D9D43AE1338B1F1000D7D92 /* include */ = {
			isa = PBXGroup;
			children = (
				2D9D43AF1338B1F1000D7D92 /* RtAudio.h */,
				2D9D43B01338B1F1000D7D92 /* RtError.h */,
			);
			path = include;
			sourceTree = "<group>";
		};
		BB4B014C10F69532006C3DED /* addons */ = {
			isa = PBXGroup;
			children = (
				2D9D435C1338B142000D7D92 /* ofxOpenNI */,
			);
			name = addons;
			sourceTree = "<group>";
		};
		E45BE5980E8CC70C009D7055 /* frameworks */ = {
			isa = PBXGroup;
			children = (
				E4C2425F10CC5A78004149E2 /* GLUT.framework */,
				E4C2424410CC5A17004149E2 /* AppKit.framework */,
				E4C2424510CC5A17004149E2 /* Cocoa.framework */,
				E4C2424610CC5A17004149E2 /* IOKit.framework */,
				E45BE9710E8CC7DD009D7055 /* AGL.framework */,
				E45BE9720E8CC7DD009D7055 /* ApplicationServices.framework */,
				E45BE9730E8CC7DD009D7055 /* AudioToolbox.framework */,
				E45BE9740E8CC7DD009D7055 /* Carbon.framework */,
				E45BE9750E8CC7DD009D7055 /* CoreAudio.framework */,
				E45BE9760E8CC7DD009D7055 /* CoreFoundation.framework */,
				E45BE9770E8CC7DD009D7055 /* CoreServices.framework */,
				E45BE9790E8CC7DD009D7055 /* OpenGL.framework */,
				E45BE97A0E8CC7DD009D7055 /* QuickTime.framework */,
			);
			name = frameworks;
			sourceTree = "<group>";
		};
		E4B69B4A0A3A1720003C02F2 = {
			isa = PBXGroup;
			children = (
				E4B6FCAD0C3E899E008CF71C /* openFrameworks-Info.plist */,
				E4B69B5B0A3A1756003C02F2 /* emptyExampleDebug.app */,
				E4B69E1C0A3A1BDC003C02F2 /* src */,
				E4C2422310CC54B6004149E2 /* openFrameworks */,
				BB4B014C10F69532006C3DED /* addons */,
				2D9D43AD1338B1F1000D7D92 /* rtAudio */,
				E45BE5980E8CC70C009D7055 /* frameworks */,
			);
			sourceTree = "<group>";
		};
		E4B69E1C0A3A1BDC003C02F2 /* src */ = {
			isa = PBXGroup;
			children = (
				E4B69E1D0A3A1BDC003C02F2 /* main.cpp */,
				E4B69E1E0A3A1BDC003C02F2 /* testApp.cpp */,
				E4B69E1F0A3A1BDC003C02F2 /* testApp.h */,
			);
			path = src;
			sourceTree = SOURCE_ROOT;
		};
		E4C2421710CC549C004149E2 /* Products */ = {
			isa = PBXGroup;
			children = (
				E4C2421E10CC549C004149E2 /* openFrameworksDebug.a */,
			);
			name = Products;
			sourceTree = "<group>";
		};
		E4C2422310CC54B6004149E2 /* openFrameworks */ = {
			isa = PBXGroup;
			children = (
				E4C2421610CC549C004149E2 /* openFrameworksLib.xcodeproj */,
			);
			name = openFrameworks;
			sourceTree = "<group>";
		};
/* End PBXGroup section */

/* Begin PBXNativeTarget section */
		E4B69B5A0A3A1756003C02F2 /* emptyExample */ = {
			isa = PBXNativeTarget;
			buildConfigurationList = E4B69B5F0A3A1757003C02F2 /* Build configuration list for PBXNativeTarget "emptyExample" */;
			buildPhases = (
				E4B69B580A3A1756003C02F2 /* Sources */,
				E4B69B590A3A1756003C02F2 /* Frameworks */,
				E4B6FFFD0C3F9AB9008CF71C /* ShellScript */,
				E4C2427710CC5ABF004149E2 /* CopyFiles */,
			);
			buildRules = (
			);
			dependencies = (
				E4C2422810CC54DA004149E2 /* PBXTargetDependency */,
			);
			name = emptyExample;
			productName = myOFApp;
			productReference = E4B69B5B0A3A1756003C02F2 /* emptyExampleDebug.app */;
			productType = "com.apple.product-type.application";
		};
/* End PBXNativeTarget section */

/* Begin PBXProject section */
		E4B69B4C0A3A1720003C02F2 /* Project object */ = {
			isa = PBXProject;
			buildConfigurationList = E4B69B4D0A3A1720003C02F2 /* Build configuration list for PBXProject "opennisample" */;
			compatibilityVersion = "Xcode 2.4";
			developmentRegion = English;
			hasScannedForEncodings = 0;
			knownRegions = (
				English,
				Japanese,
				French,
				German,
			);
			mainGroup = E4B69B4A0A3A1720003C02F2;
			productRefGroup = E4B69B4A0A3A1720003C02F2;
			projectDirPath = "";
			projectReferences = (
				{
					ProductGroup = E4C2421710CC549C004149E2 /* Products */;
					ProjectRef = E4C2421610CC549C004149E2 /* openFrameworksLib.xcodeproj */;
				},
			);
			projectRoot = "";
			targets = (
				E4B69B5A0A3A1756003C02F2 /* emptyExample */,
			);
		};
/* End PBXProject section */

/* Begin PBXReferenceProxy section */
		E4C2421E10CC549C004149E2 /* openFrameworksDebug.a */ = {
			isa = PBXReferenceProxy;
			fileType = archive.ar;
			path = openFrameworksDebug.a;
			remoteRef = E4C2421D10CC549C004149E2 /* PBXContainerItemProxy */;
			sourceTree = BUILT_PRODUCTS_DIR;
		};
/* End PBXReferenceProxy section */

/* Begin PBXShellScriptBuildPhase section */
		E4B6FFFD0C3F9AB9008CF71C /* ShellScript */ = {
			isa = PBXShellScriptBuildPhase;
			buildActionMask = 2147483647;
			files = (
			);
			inputPaths = (
			);
			outputPaths = (
			);
			runOnlyForDeploymentPostprocessing = 0;
			shellPath = /bin/sh;
			shellScript = "cp -f ../../../libs/fmodex/lib/osx/libfmodex.dylib \"$TARGET_BUILD_DIR/$PRODUCT_NAME.app/Contents/MacOS/libfmodex.dylib\"\ninstall_name_tool -change ./libfmodex.dylib @executable_path/libfmodex.dylib \"$TARGET_BUILD_DIR/$PRODUCT_NAME.app/Contents/MacOS/$PRODUCT_NAME\" ";
		};
/* End PBXShellScriptBuildPhase section */

/* Begin PBXSourcesBuildPhase section */
		E4B69B580A3A1756003C02F2 /* Sources */ = {
			isa = PBXSourcesBuildPhase;
			buildActionMask = 2147483647;
			files = (
				E4B69E200A3A1BDC003C02F2 /* main.cpp in Sources */,
				E4B69E210A3A1BDC003C02F2 /* testApp.cpp in Sources */,
				2D9D43551338B13E000D7D92 /* ofxDepthGenerator.cpp in Sources */,
				2D9D43561338B13E000D7D92 /* ofxImageGenerator.cpp in Sources */,
				2D9D43571338B13E000D7D92 /* ofxONI.cpp in Sources */,
				2D9D43581338B13E000D7D92 /* ofxOpenNIContext.cpp in Sources */,
				2D9D43591338B13E000D7D92 /* ofxOpenNIRecorder.cpp in Sources */,
				2D9D435A1338B13E000D7D92 /* ofxTrackedUser.cpp in Sources */,
				2D9D435B1338B13E000D7D92 /* ofxUserGenerator.cpp in Sources */,
			);
			runOnlyForDeploymentPostprocessing = 0;
		};
/* End PBXSourcesBuildPhase section */

/* Begin PBXTargetDependency section */
		E4C2422810CC54DA004149E2 /* PBXTargetDependency */ = {
			isa = PBXTargetDependency;
			name = openFrameworks;
			targetProxy = E4C2422710CC54DA004149E2 /* PBXContainerItemProxy */;
		};
/* End PBXTargetDependency section */

/* Begin XCBuildConfiguration section */
		E4B69B4E0A3A1720003C02F2 /* Debug */ = {
			isa = XCBuildConfiguration;
			buildSettings = {
				ARCHS = "$(NATIVE_ARCH)";
				CONFIGURATION_BUILD_DIR = "$(SRCROOT)/bin/";
				COPY_PHASE_STRIP = NO;
				DEAD_CODE_STRIPPING = YES;
				GCC_AUTO_VECTORIZATION = YES;
				GCC_ENABLE_SSE3_EXTENSIONS = YES;
				GCC_ENABLE_SUPPLEMENTAL_SSE3_INSTRUCTIONS = YES;
				GCC_INLINES_ARE_PRIVATE_EXTERN = NO;
				GCC_MODEL_TUNING = G5;
				GCC_SYMBOLS_PRIVATE_EXTERN = NO;
				GCC_WARN_ABOUT_DEPRECATED_FUNCTIONS = NO;
				GCC_WARN_ABOUT_INVALID_OFFSETOF_MACRO = NO;
				GCC_WARN_ALLOW_INCOMPLETE_PROTOCOL = NO;
				GCC_WARN_UNINITIALIZED_AUTOS = NO;
				GCC_WARN_UNUSED_VALUE = NO;
				GCC_WARN_UNUSED_VARIABLE = NO;
				HEADER_SEARCH_PATHS = (
					"../../../libs/openFrameworks/**",
					../../../libs/freetype/include/,
					../../../libs/freetype/include/freetype2,
					../../../libs/poco/include,
					../../../addons/,
					"../../../libs/glew/include/GL/**",
					"../../../libs/assimp/include/**",
					"../../../libs/fmodex/include/**",
					"../../../libs/freeimage/include/**",
				);
				OTHER_CPLUSPLUSFLAGS = (
					"-D__MACOSX_CORE__",
					"-lpthread",
				);
				OTHER_LDFLAGS = (
					"$(OTHER_LDFLAGS_QUOTED_FOR_PROJECT_1)",
					"$(OTHER_LDFLAGS_QUOTED_FOR_PROJECT_2)",
					"$(OTHER_LDFLAGS_QUOTED_FOR_PROJECT_3)",
					"$(OTHER_LDFLAGS_QUOTED_FOR_PROJECT_4)",
					"$(OTHER_LDFLAGS_QUOTED_FOR_PROJECT_5)",
					"$(OTHER_LDFLAGS_QUOTED_FOR_PROJECT_6)",
					"$(OTHER_LDFLAGS_QUOTED_FOR_PROJECT_7)",
					"$(OTHER_LDFLAGS_QUOTED_FOR_PROJECT_8)",
					"$(OTHER_LDFLAGS_QUOTED_FOR_PROJECT_9)",
					"$(OTHER_LDFLAGS_QUOTED_FOR_PROJECT_9)",
					"$(OTHER_LDFLAGS_QUOTED_FOR_PROJECT_10)",
				);
				OTHER_LDFLAGS_QUOTED_FOR_PROJECT_1 = "\"../../../libs/poco/lib/osx/PocoUtil.a\"";
				OTHER_LDFLAGS_QUOTED_FOR_PROJECT_10 = "\"../../../libs/assimp/lib/osx/assimp.a\"";
				OTHER_LDFLAGS_QUOTED_FOR_PROJECT_2 = "\"../../../libs/poco/lib/osx/PocoXML.a\"";
				OTHER_LDFLAGS_QUOTED_FOR_PROJECT_3 = "\"../../../libs/poco/lib/osx/PocoFoundation.a\"";
				OTHER_LDFLAGS_QUOTED_FOR_PROJECT_4 = "\"../../../libs/poco/lib/osx/PocoNet.a\"";
				OTHER_LDFLAGS_QUOTED_FOR_PROJECT_5 = "\"../../../libs/rtAudio/lib/osx/rtAudio.a\"";
				OTHER_LDFLAGS_QUOTED_FOR_PROJECT_6 = "\"../../../libs/freetype/lib/osx/freetype.a\"";
				OTHER_LDFLAGS_QUOTED_FOR_PROJECT_7 = "\"../../../libs/FreeImage/lib/osx/freeimage.a\"";
				OTHER_LDFLAGS_QUOTED_FOR_PROJECT_8 = "\"../../../libs/fmodex/lib/osx/libfmodex.dylib\"";
				OTHER_LDFLAGS_QUOTED_FOR_PROJECT_9 = "\"../../../libs/glew/lib/osx/glew.a\"";
			};
			name = Debug;
		};
		E4B69B4F0A3A1720003C02F2 /* Release */ = {
			isa = XCBuildConfiguration;
			buildSettings = {
				ARCHS = "$(NATIVE_ARCH)";
				CONFIGURATION_BUILD_DIR = "$(SRCROOT)/bin/";
				COPY_PHASE_STRIP = YES;
				DEAD_CODE_STRIPPING = YES;
				GCC_AUTO_VECTORIZATION = YES;
				GCC_ENABLE_SSE3_EXTENSIONS = YES;
				GCC_ENABLE_SUPPLEMENTAL_SSE3_INSTRUCTIONS = YES;
				GCC_INLINES_ARE_PRIVATE_EXTERN = NO;
				GCC_MODEL_TUNING = G5;
				GCC_OPTIMIZATION_LEVEL = 3;
				GCC_SYMBOLS_PRIVATE_EXTERN = NO;
				GCC_UNROLL_LOOPS = YES;
				GCC_WARN_ABOUT_DEPRECATED_FUNCTIONS = NO;
				GCC_WARN_ABOUT_INVALID_OFFSETOF_MACRO = NO;
				GCC_WARN_ALLOW_INCOMPLETE_PROTOCOL = NO;
				GCC_WARN_UNINITIALIZED_AUTOS = NO;
				GCC_WARN_UNUSED_VALUE = NO;
				GCC_WARN_UNUSED_VARIABLE = NO;
				HEADER_SEARCH_PATHS = (
					"../../../libs/openFrameworks/**",
					../../../libs/freetype/include/,
					../../../libs/freetype/include/freetype2,
					../../../libs/poco/include,
					../../../addons/,
					"../../../libs/glew/include/GL/**",
					"../../../libs/assimp/include/**",
					"../../../libs/fmodex/include/**",
					"../../../libs/freeimage/include/**",
				);
				OTHER_CPLUSPLUSFLAGS = (
					"-D__MACOSX_CORE__",
					"-lpthread",
				);
				OTHER_LDFLAGS = (
					"$(OTHER_LDFLAGS_QUOTED_FOR_PROJECT_1)",
					"$(OTHER_LDFLAGS_QUOTED_FOR_PROJECT_2)",
					"$(OTHER_LDFLAGS_QUOTED_FOR_PROJECT_3)",
					"$(OTHER_LDFLAGS_QUOTED_FOR_PROJECT_4)",
					"$(OTHER_LDFLAGS_QUOTED_FOR_PROJECT_5)",
					"$(OTHER_LDFLAGS_QUOTED_FOR_PROJECT_6)",
					"$(OTHER_LDFLAGS_QUOTED_FOR_PROJECT_7)",
					"$(OTHER_LDFLAGS_QUOTED_FOR_PROJECT_8)",
					"$(OTHER_LDFLAGS_QUOTED_FOR_PROJECT_9)",
					"$(OTHER_LDFLAGS_QUOTED_FOR_PROJECT_9)",
					"$(OTHER_LDFLAGS_QUOTED_FOR_PROJECT_10)",
				);
				OTHER_LDFLAGS_QUOTED_FOR_PROJECT_1 = "\"../../../libs/poco/lib/osx/PocoUtil.a\"";
				OTHER_LDFLAGS_QUOTED_FOR_PROJECT_10 = "\"../../../libs/assimp/lib/osx/assimp.a\"";
				OTHER_LDFLAGS_QUOTED_FOR_PROJECT_2 = "\"../../../libs/poco/lib/osx/PocoXML.a\"";
				OTHER_LDFLAGS_QUOTED_FOR_PROJECT_3 = "\"../../../libs/poco/lib/osx/PocoFoundation.a\"";
				OTHER_LDFLAGS_QUOTED_FOR_PROJECT_4 = "\"../../../libs/poco/lib/osx/PocoNet.a\"";
				OTHER_LDFLAGS_QUOTED_FOR_PROJECT_5 = "\"../../../libs/rtAudio/lib/osx/rtAudio.a\"";
				OTHER_LDFLAGS_QUOTED_FOR_PROJECT_6 = "\"../../../libs/freetype/lib/osx/freetype.a\"";
				OTHER_LDFLAGS_QUOTED_FOR_PROJECT_7 = "\"../../../libs/FreeImage/lib/osx/freeimage.a\"";
				OTHER_LDFLAGS_QUOTED_FOR_PROJECT_8 = "\"../../../libs/fmodex/lib/osx/libfmodex.dylib\"";
				OTHER_LDFLAGS_QUOTED_FOR_PROJECT_9 = "\"../../../libs/glew/lib/osx/glew.a\"";
			};
			name = Release;
		};
		E4B69B600A3A1757003C02F2 /* Debug */ = {
			isa = XCBuildConfiguration;
			buildSettings = {
				COPY_PHASE_STRIP = NO;
				FRAMEWORK_SEARCH_PATHS = (
					"$(inherited)",
					"$(FRAMEWORK_SEARCH_PATHS_QUOTED_FOR_TARGET_1)",
				);
				FRAMEWORK_SEARCH_PATHS_QUOTED_FOR_TARGET_1 = "\"$(SRCROOT)/../../../libs/glut/lib/osx\"";
				GCC_DYNAMIC_NO_PIC = NO;
				GCC_ENABLE_FIX_AND_CONTINUE = YES;
				GCC_GENERATE_DEBUGGING_SYMBOLS = YES;
				GCC_MODEL_TUNING = G4;
				GCC_OPTIMIZATION_LEVEL = 0;
				GCC_PRECOMPILE_PREFIX_HEADER = YES;
				GCC_PREFIX_HEADER = "$(SYSTEM_LIBRARY_DIR)/Frameworks/Carbon.framework/Headers/Carbon.h";
				INFOPLIST_FILE = "openFrameworks-Info.plist";
				INSTALL_PATH = "$(HOME)/Applications";
				LIBRARY_SEARCH_PATHS = (
					"$(inherited)",
					"$(LIBRARY_SEARCH_PATHS_QUOTED_FOR_TARGET_1)",
					"$(LIBRARY_SEARCH_PATHS_QUOTED_FOR_TARGET_2)",
					"$(LIBRARY_SEARCH_PATHS_QUOTED_FOR_TARGET_3)",
					"$(LIBRARY_SEARCH_PATHS_QUOTED_FOR_TARGET_4)",
					"$(LIBRARY_SEARCH_PATHS_QUOTED_FOR_TARGET_5)",
					"$(LIBRARY_SEARCH_PATHS_QUOTED_FOR_TARGET_6)",
					"$(LIBRARY_SEARCH_PATHS_QUOTED_FOR_TARGET_7)",
					"$(LIBRARY_SEARCH_PATHS_QUOTED_FOR_TARGET_8)",
					"$(LIBRARY_SEARCH_PATHS_QUOTED_FOR_TARGET_9)",
					"$(LIBRARY_SEARCH_PATHS_QUOTED_FOR_TARGET_10)",
					"$(LIBRARY_SEARCH_PATHS_QUOTED_FOR_TARGET_11)",
					"$(LIBRARY_SEARCH_PATHS_QUOTED_FOR_TARGET_12)",
					"$(LIBRARY_SEARCH_PATHS_QUOTED_FOR_TARGET_13)",
					"$(LIBRARY_SEARCH_PATHS_QUOTED_FOR_TARGET_14)",
					"$(LIBRARY_SEARCH_PATHS_QUOTED_FOR_TARGET_15)",
					"$(LIBRARY_SEARCH_PATHS_QUOTED_FOR_TARGET_2)",
					"$(LIBRARY_SEARCH_PATHS_QUOTED_FOR_TARGET_3)",
					"$(LIBRARY_SEARCH_PATHS_QUOTED_FOR_TARGET_7)",
					"$(LIBRARY_SEARCH_PATHS_QUOTED_FOR_TARGET_8)",
				);
				LIBRARY_SEARCH_PATHS_QUOTED_FOR_TARGET_1 = "\"$(SRCROOT)/../../../libs/freeimage/lib/osx\"";
				LIBRARY_SEARCH_PATHS_QUOTED_FOR_TARGET_14 = "\"$(SRCROOT)/../../../libs/fmodex/lib/osx\"";
				LIBRARY_SEARCH_PATHS_QUOTED_FOR_TARGET_15 = "\"$(SRCROOT)/../../../libs/freetype/lib/osx\"";
				LIBRARY_SEARCH_PATHS_QUOTED_FOR_TARGET_2 = "\"$(SRCROOT)/../../../libs/FreeImage/lib/osx\"";
				LIBRARY_SEARCH_PATHS_QUOTED_FOR_TARGET_3 = "\"$(SRCROOT)/../../../libs/glew/libs/osx\"";
				LIBRARY_SEARCH_PATHS_QUOTED_FOR_TARGET_4 = "";
				LIBRARY_SEARCH_PATHS_QUOTED_FOR_TARGET_5 = "\"$(SRCROOT)/../../../libs/poco/lib/osx\"";
				LIBRARY_SEARCH_PATHS_QUOTED_FOR_TARGET_6 = "\"$(SRCROOT)/../../../libs/rtAudio/lib/osx\"";
				LIBRARY_SEARCH_PATHS_QUOTED_FOR_TARGET_7 = "\"$(SRCROOT)/../../../libs/glew/libs/osx\"";
				LIBRARY_SEARCH_PATHS_QUOTED_FOR_TARGET_8 = "\"$(SRCROOT)/bin/data/openni/lib\"";
				PREBINDING = NO;
				PRODUCT_NAME = "$(TARGET_NAME)Debug";
				WRAPPER_EXTENSION = app;
				ZERO_LINK = NO;
			};
			name = Debug;
		};
		E4B69B610A3A1757003C02F2 /* Release */ = {
			isa = XCBuildConfiguration;
			buildSettings = {
				COPY_PHASE_STRIP = YES;
				FRAMEWORK_SEARCH_PATHS = (
					"$(inherited)",
					"$(FRAMEWORK_SEARCH_PATHS_QUOTED_FOR_TARGET_1)",
				);
				FRAMEWORK_SEARCH_PATHS_QUOTED_FOR_TARGET_1 = "\"$(SRCROOT)/../../../libs/glut/lib/osx\"";
				GCC_ENABLE_FIX_AND_CONTINUE = NO;
				GCC_GENERATE_DEBUGGING_SYMBOLS = NO;
				GCC_MODEL_TUNING = G4;
				GCC_PRECOMPILE_PREFIX_HEADER = YES;
				GCC_PREFIX_HEADER = "$(SYSTEM_LIBRARY_DIR)/Frameworks/Carbon.framework/Headers/Carbon.h";
				INFOPLIST_FILE = "openFrameworks-Info.plist";
				INSTALL_PATH = "$(HOME)/Applications";
				LIBRARY_SEARCH_PATHS = (
					"$(inherited)",
					"$(LIBRARY_SEARCH_PATHS_QUOTED_FOR_TARGET_1)",
					"$(LIBRARY_SEARCH_PATHS_QUOTED_FOR_TARGET_2)",
					"$(LIBRARY_SEARCH_PATHS_QUOTED_FOR_TARGET_3)",
					"$(LIBRARY_SEARCH_PATHS_QUOTED_FOR_TARGET_4)",
					"$(LIBRARY_SEARCH_PATHS_QUOTED_FOR_TARGET_5)",
					"$(LIBRARY_SEARCH_PATHS_QUOTED_FOR_TARGET_6)",
					"$(LIBRARY_SEARCH_PATHS_QUOTED_FOR_TARGET_7)",
					"$(LIBRARY_SEARCH_PATHS_QUOTED_FOR_TARGET_8)",
					"$(LIBRARY_SEARCH_PATHS_QUOTED_FOR_TARGET_9)",
					"$(LIBRARY_SEARCH_PATHS_QUOTED_FOR_TARGET_10)",
					"$(LIBRARY_SEARCH_PATHS_QUOTED_FOR_TARGET_11)",
					"$(LIBRARY_SEARCH_PATHS_QUOTED_FOR_TARGET_12)",
					"$(LIBRARY_SEARCH_PATHS_QUOTED_FOR_TARGET_13)",
					"$(LIBRARY_SEARCH_PATHS_QUOTED_FOR_TARGET_14)",
					"$(LIBRARY_SEARCH_PATHS_QUOTED_FOR_TARGET_15)",
					"$(LIBRARY_SEARCH_PATHS_QUOTED_FOR_TARGET_2)",
					"$(LIBRARY_SEARCH_PATHS_QUOTED_1)",
					"$(LIBRARY_SEARCH_PATHS_QUOTED_FOR_TARGET_3)",
					"$(LIBRARY_SEARCH_PATHS_QUOTED_2)",
				);
				LIBRARY_SEARCH_PATHS_QUOTED_1 = "\"$(SRCROOT)/../../../libs/glew/libs/osx\"";
				LIBRARY_SEARCH_PATHS_QUOTED_2 = "\"$(SRCROOT)/bin/data/openni/lib\"";
				LIBRARY_SEARCH_PATHS_QUOTED_FOR_TARGET_1 = "\"$(SRCROOT)/../../../libs/freeimage/lib/osx\"";
				LIBRARY_SEARCH_PATHS_QUOTED_FOR_TARGET_14 = "\"$(SRCROOT)/../../../libs/fmodex/lib/osx\"";
				LIBRARY_SEARCH_PATHS_QUOTED_FOR_TARGET_15 = "\"$(SRCROOT)/../../../libs/freetype/lib/osx\"";
				LIBRARY_SEARCH_PATHS_QUOTED_FOR_TARGET_2 = "\"$(SRCROOT)/../../../libs/FreeImage/lib/osx\"";
				LIBRARY_SEARCH_PATHS_QUOTED_FOR_TARGET_3 = "\"$(SRCROOT)/../../../libs/glew/libs/osx\"";
				LIBRARY_SEARCH_PATHS_QUOTED_FOR_TARGET_4 = "";
				LIBRARY_SEARCH_PATHS_QUOTED_FOR_TARGET_5 = "\"$(SRCROOT)/../../../libs/poco/lib/osx\"";
				LIBRARY_SEARCH_PATHS_QUOTED_FOR_TARGET_6 = "\"$(SRCROOT)/../../../libs/rtAudio/lib/osx\"";
				PREBINDING = NO;
				PRODUCT_NAME = "$(TARGET_NAME)";
				WRAPPER_EXTENSION = app;
				ZERO_LINK = NO;
			};
			name = Release;
		};
/* End XCBuildConfiguration section */

/* Begin XCConfigurationList section */
		E4B69B4D0A3A1720003C02F2 /* Build configuration list for PBXProject "opennisample" */ = {
			isa = XCConfigurationList;
			buildConfigurations = (
				E4B69B4E0A3A1720003C02F2 /* Debug */,
				E4B69B4F0A3A1720003C02F2 /* Release */,
			);
			defaultConfigurationIsVisible = 0;
			defaultConfigurationName = Release;
		};
		E4B69B5F0A3A1757003C02F2 /* Build configuration list for PBXNativeTarget "emptyExample" */ = {
			isa = XCConfigurationList;
			buildConfigurations = (
				E4B69B600A3A1757003C02F2 /* Debug */,
				E4B69B610A3A1757003C02F2 /* Release */,
			);
			defaultConfigurationIsVisible = 0;
			defaultConfigurationName = Release;
		};
/* End XCConfigurationList section */
	};
	rootObject = E4B69B4C0A3A1720003C02F2 /* Project object */;
}
